
Microsoft Visual Studio Solution File, Format Version 12.00
# Visual Studio Version 17
VisualStudioVersion = 17.1.32319.34
MinimumVisualStudioVersion = 10.0.40219.1
Project("{FAE04EC0-301F-11D3-BF4B-00C04F79EFBC}") = "TaskFirst", "TaskFirst\TaskFirst.csproj", "{CFB7363C-6546-46A8-A1EB-7CF803A9614B}"
EndProject
Global
	GlobalSection(SolutionConfigurationPlatforms) = preSolution
		Debug|Any CPU = Debug|Any CPU
		Release|Any CPU = Release|Any CPU
	EndGlobalSection
	GlobalSection(ProjectConfigurationPlatforms) = postSolution
		{CFB7363C-6546-46A8-A1EB-7CF803A9614B}.Debug|Any CPU.ActiveCfg = Debug|Any CPU
		{CFB7363C-6546-46A8-A1EB-7CF803A9614B}.Debug|Any CPU.Build.0 = Debug|Any CPU
		{CFB7363C-6546-46A8-A1EB-7CF803A9614B}.Release|Any CPU.ActiveCfg = Release|Any CPU
		{CFB7363C-6546-46A8-A1EB-7CF803A9614B}.Release|Any CPU.Build.0 = Release|Any CPU
	EndGlobalSection
	GlobalSection(SolutionProperties) = preSolution
		HideSolutionNode = FALSE
	EndGlobalSection
	GlobalSection(ExtensibilityGlobals) = postSolution
		SolutionGuid = {D12733A2-27D0-407D-9335-06CE9F77FFC6}
	EndGlobalSection
EndGlobal
